lockfileVersion: 5.4

specifiers:
  '@types/node': 18.11.9
  '@types/react': 18.0.25
  '@types/react-dom': 18.0.8
  '@types/ua-parser-js': ^0.7.36
  '@wasm-tool/wasm-pack-plugin': ^1.6.0
  eslint: 8.27.0
  eslint-config-next: 13.0.3
  next: 13.0.3
  react: 18.2.0
  react-dom: 18.2.0
  shared_types: ../shared_types/generated/typescript
  typescript: 4.8.4
  ua-parser-js: ^1.0.32

dependencies:
  eslint: 8.27.0
  eslint-config-next: 13.0.3_rmayb2veg2btbq6mbmnyivgasy
  next: 13.0.3_biqbaboplfbrettd7655fr4n2y
  react: 18.2.0
  react-dom: 18.2.0_react@18.2.0
  shared_types: link:../shared_types/generated/typescript
  typescript: 4.8.4
  ua-parser-js: 1.0.32

devDependencies:
  '@types/node': 18.11.9
  '@types/react': 18.0.25
  '@types/react-dom': 18.0.8
  '@types/ua-parser-js': 0.7.36
  '@wasm-tool/wasm-pack-plugin': 1.6.0

packages:

  /@babel/runtime-corejs3/7.20.1:
    resolution: {integrity: sha512-CGulbEDcg/ND1Im7fUNRZdGXmX2MTWVVZacQi/6DiKE5HNwZ3aVTm5PV4lO8HHz0B2h8WQyvKKjbX5XgTtydsg==}
    engines: {node: '>=6.9.0'}
    dependencies:
      core-js-pure: 3.26.0
      regenerator-runtime: 0.13.10
    dev: false

  /@babel/runtime/7.20.1:
    resolution: {integrity: sha512-mrzLkl6U9YLF8qpqI7TB82PESyEGjm/0Ly91jG575eVxMMlb8fYfOXFZIJ8XfLrJZQbm7dlKry2bJmXBUEkdFg==}
    engines: {node: '>=6.9.0'}
    dependencies:
      regenerator-runtime: 0.13.10
    dev: false

  /@eslint/eslintrc/1.3.3:
    resolution: {integrity: sha512-uj3pT6Mg+3t39fvLrj8iuCIJ38zKO9FpGtJ4BBJebJhEwjoT+KLVNCcHT5QC9NGRIEi7fZ0ZR8YRb884auB4Lg==}
    engines: {node: ^12.22.0 || ^14.17.0 || >=16.0.0}
    dependencies:
      ajv: 6.12.6
      debug: 4.3.4
      espree: 9.4.1
      globals: 13.17.0
      ignore: 5.2.0
      import-fresh: 3.3.0
      js-yaml: 4.1.0
      minimatch: 3.1.2
      strip-json-comments: 3.1.1
    transitivePeerDependencies:
      - supports-color
    dev: false

  /@humanwhocodes/config-array/0.11.7:
    resolution: {integrity: sha512-kBbPWzN8oVMLb0hOUYXhmxggL/1cJE6ydvjDIGi9EnAGUyA7cLVKQg+d/Dsm+KZwx2czGHrCmMVLiyg8s5JPKw==}
    engines: {node: '>=10.10.0'}
    dependencies:
      '@humanwhocodes/object-schema': 1.2.1
      debug: 4.3.4
      minimatch: 3.1.2
    transitivePeerDependencies:
      - supports-color
    dev: false

  /@humanwhocodes/module-importer/1.0.1:
    resolution: {integrity: sha512-bxveV4V8v5Yb4ncFTT3rPSgZBOpCkjfK0y4oVVVJwIuDVBRM